// !$*UTF8*$!
{
	archiveVersion = 1;
	classes = {
	};
	objectVersion = 48;
	objects = {

/* Begin PBXBuildFile section */
		C066DA81202C1E0100933DFB /* Case1Controller.m in Sources */ = {isa = PBXBuildFile; fileRef = C066DA80202C1E0100933DFB /* Case1Controller.m */; };
		C066DA84202C48D600933DFB /* UIBezierPath+IOS7RoundedRect.m in Sources */ = {isa = PBXBuildFile; fileRef = C066DA83202C48D600933DFB /* UIBezierPath+IOS7RoundedRect.m */; };
		C066DA87202D716500933DFB /* CALayer+BorderGradientColor.m in Sources */ = {isa = PBXBuildFile; fileRef = C066DA86202D716500933DFB /* CALayer+BorderGradientColor.m */; };
		C099211D202A9740001DEF18 /* AppDelegate.m in Sources */ = {isa = PBXBuildFile; fileRef = C099211C202A9740001DEF18 /* AppDelegate.m */; };
		C0992123202A9740001DEF18 /* Main.storyboard in Resources */ = {isa = PBXBuildFile; fileRef = C0992121202A9740001DEF18 /* Main.storyboard */; };
		C0992125202A9740001DEF18 /* Assets.xcassets in Resources */ = {isa = PBXBuildFile; fileRef = C0992124202A9740001DEF18 /* Assets.xcassets */; };
		C0992128202A9740001DEF18 /* LaunchScreen.storyboard in Resources */ = {isa = PBXBuildFile; fileRef = C0992126202A9740001DEF18 /* LaunchScreen.storyboard */; };
		C099212B202A9740001DEF18 /* main.m in Sources */ = {isa = PBXBuildFile; fileRef = C099212A202A9740001DEF18 /* main.m */; };
		C0992133202A982D001DEF18 /* ListTableViewController.m in Sources */ = {isa = PBXBuildFile; fileRef = C0992132202A982D001DEF18 /* ListTableViewController.m */; };
		C0992136202A9852001DEF18 /* ListCell.m in Sources */ = {isa = PBXBuildFile; fileRef = C0992135202A9852001DEF18 /* ListCell.m */; };
/* End PBXBuildFile section */

/* Begin PBXFileReference section */
		C066DA7F202C1E0100933DFB /* Case1Controller.h */ = {isa = PBXFileReference; lastKnownFileType = sourcecode.c.h; path = Case1Controller.h; sourceTree = "<group>"; };
		C066DA80202C1E0100933DFB /* Case1Controller.m */ = {isa = PBXFileReference; lastKnownFileType = sourcecode.c.objc; path = Case1Controller.m; sourceTree = "<group>"; };
		C066DA82202C48D600933DFB /* UIBezierPath+IOS7RoundedRect.h */ = {isa = PBXFileReference; fileEncoding = 4; lastKnownFileType = sourcecode.c.h; path = "UIBezierPath+IOS7RoundedRect.h"; sourceTree = "<group>"; };
		C066DA83202C48D600933DFB /* UIBezierPath+IOS7RoundedRect.m */ = {isa = PBXFileReference; fileEncoding = 4; lastKnownFileType = sourcecode.c.objc; path = "UIBezierPath+IOS7RoundedRect.m"; sourceTree = "<group>"; };
		C066DA85202D716500933DFB /* CALayer+BorderGradientColor.h */ = {isa = PBXFileReference; lastKnownFileType = sourcecode.c.h; path = "CALayer+BorderGradientColor.h"; sourceTree = "<group>"; };
		C066DA86202D716500933DFB /* CALayer+BorderGradientColor.m */ = {isa = PBXFileReference; lastKnownFileType = sourcecode.c.objc; path = "CALayer+BorderGradientColor.m"; sourceTree = "<group>"; };
		C0992118202A9740001DEF18 /* CoreAnimationDemo.app */ = {isa = PBXFileReference; explicitFileType = wrapper.application; includeInIndex = 0; path = CoreAnimationDemo.app; sourceTree = BUILT_PRODUCTS_DIR; };
		C099211B202A9740001DEF18 /* AppDelegate.h */ = {isa = PBXFileReference; lastKnownFileType = sourcecode.c.h; path = AppDelegate.h; sourceTree = "<group>"; };
		C099211C202A9740001DEF18 /* AppDelegate.m */ = {isa = PBXFileReference; lastKnownFileType = sourcecode.c.objc; path = AppDelegate.m; sourceTree = "<group>"; };
		C0992122202A9740001DEF18 /* Base */ = {isa = PBXFileReference; lastKnownFileType = file.storyboard; name = Base; path = Base.lproj/Main.storyboard; sourceTree = "<group>"; };
		C0992124202A9740001DEF18 /* Assets.xcassets */ = {isa = PBXFileReference; lastKnownFileType = folder.assetcatalog; path = Assets.xcassets; sourceTree = "<group>"; };
		C0992127202A9740001DEF18 /* Base */ = {isa = PBXFileReference; lastKnownFileType = file.storyboard; name = Base; path = Base.lproj/LaunchScreen.storyboard; sourceTree = "<group>"; };
		C0992129202A9740001DEF18 /* Info.plist */ = {isa = PBXFileReference; lastKnownFileType = text.plist.xml; path = Info.plist; sourceTree = "<group>"; };
		C099212A202A9740001DEF18 /* main.m */ = {isa = PBXFileReference; lastKnownFileType = sourcecode.c.objc; path = main.m; sourceTree = "<group>"; };
		C0992131202A982D001DEF18 /* ListTableViewController.h */ = {isa = PBXFileReference; lastKnownFileType = sourcecode.c.h; path = ListTableViewController.h; sourceTree = "<group>"; };
		C0992132202A982D001DEF18 /* ListTableViewController.m */ = {isa = PBXFileReference; lastKnownFileType = sourcecode.c.objc; path = ListTableViewController.m; sourceTree = "<group>"; };
		C0992134202A9852001DEF18 /* ListCell.h */ = {isa = PBXFileReference; lastKnownFileType = sourcecode.c.h; path = ListCell.h; sourceTree = "<group>"; };
		C0992135202A9852001DEF18 /* ListCell.m */ = {isa = PBXFileReference; lastKnownFileType = sourcecode.c.objc; path = ListCell.m; sourceTree = "<group>"; };
/* End PBXFileReference section */

/* Begin PBXFrameworksBuildPhase section */
		C0992115202A9740001DEF18 /* Frameworks */ = {
			isa = PBXFrameworksBuildPhase;
			buildActionMask = 2147483647;
			files = (
			);
			runOnlyForDeploymentPostprocessing = 0;
		};
/* End PBXFrameworksBuildPhase section */

/* Begin PBXGroup section */
		C066DA7E202C1DE500933DFB /* Case1 */ = {
			isa = PBXGroup;
			children = (
				C066DA7F202C1E0100933DFB /* Case1Controller.h */,
				C066DA80202C1E0100933DFB /* Case1Controller.m */,
			);
			path = Case1;
			sourceTree = "<group>";
		};
		C099210F202A9740001DEF18 = {
			isa = PBXGroup;
			children = (
				C099211A202A9740001DEF18 /* CoreAnimationDemo */,
				C0992119202A9740001DEF18 /* Products */,
			);
			sourceTree = "<group>";
		};
		C0992119202A9740001DEF18 /* Products */ = {
			isa = PBXGroup;
			children = (
				C0992118202A9740001DEF18 /* CoreAnimationDemo.app */,
			);
			name = Products;
			sourceTree = "<group>";
		};
		C099211A202A9740001DEF18 /* CoreAnimationDemo */ = {
			isa = PBXGroup;
			children = (
				C066DA82202C48D600933DFB /* UIBezierPath+IOS7RoundedRect.h */,
				C066DA83202C48D600933DFB /* UIBezierPath+IOS7RoundedRect.m */,
				C066DA85202D716500933DFB /* CALayer+BorderGradientColor.h */,
				C066DA86202D716500933DFB /* CALayer+BorderGradientColor.m */,
				C099211B202A9740001DEF18 /* AppDelegate.h */,
				C099211C202A9740001DEF18 /* AppDelegate.m */,
				C0992131202A982D001DEF18 /* ListTableViewController.h */,
				C0992132202A982D001DEF18 /* ListTableViewController.m */,
				C0992134202A9852001DEF18 /* ListCell.h */,
				C0992135202A9852001DEF18 /* ListCell.m */,
				C066DA7E202C1DE500933DFB /* Case1 */,
				C0992121202A9740001DEF18 /* Main.storyboard */,
				C0992124202A9740001DEF18 /* Assets.xcassets */,
				C0992126202A9740001DEF18 /* LaunchScreen.storyboard */,
				C0992129202A9740001DEF18 /* Info.plist */,
				C099212A202A9740001DEF18 /* main.m */,
			);
			path = CoreAnimationDemo;
			sourceTree = "<group>";
		};
/* End PBXGroup section */

/* Begin PBXNativeTarget section */
		C0992117202A9740001DEF18 /* CoreAnimationDemo */ = {
			isa = PBXNativeTarget;
			buildConfigurationList = C099212E202A9740001DEF18 /* Build configuration list for PBXNativeTarget "CoreAnimationDemo" */;
			buildPhases = (
				C0992114202A9740001DEF18 /* Sources */,
				C0992115202A9740001DEF18 /* Frameworks */,
				C0992116202A9740001DEF18 /* Resources */,
			);
			buildRules = (
			);
			dependencies = (
			);
			name = CoreAnimationDemo;
			productName = CoreAnimationDemo;
			productReference = C0992118202A9740001DEF18 /* CoreAnimationDemo.app */;
			productType = "com.apple.product-type.application";
		};
/* End PBXNativeTarget section */

/* Begin PBXProject section */
		C0992110202A9740001DEF18 /* Project object */ = {
			isa = PBXProject;
			attributes = {
				LastUpgradeCheck = 0920;
				ORGANIZATIONNAME = WondersGroup;
				TargetAttributes = {
					C0992117202A9740001DEF18 = {
						CreatedOnToolsVersion = 9.2;
						ProvisioningStyle = Automatic;
					};
				};
			};
			buildConfigurationList = C0992113202A9740001DEF18 /* Build configuration list for PBXProject "CoreAnimationDemo" */;
			compatibilityVersion = "Xcode 8.0";
			developmentRegion = en;
			hasScannedForEncodings = 0;
			knownRegions = (
				en,
				Base,
			);
			mainGroup = C099210F202A9740001DEF18;
			productRefGroup = C0992119202A9740001DEF18 /* Products */;
			projectDirPath = "";
			projectRoot = "";
			targets = (
				C0992117202A9740001DEF18 /* CoreAnimationDemo */,
			);
		};
/* End PBXProject section */

/* Begin PBXResourcesBuildPhase section */
		C0992116202A9740001DEF18 /* Resources */ = {
			isa = PBXResourcesBuildPhase;
			buildActionMask = 2147483647;
			files = (
				C0992128202A9740001DEF18 /* LaunchScreen.storyboard in Resources */,
				C0992125202A9740001DEF18 /* Assets.xcassets in Resources */,
				C0992123202A9740001DEF18 /* Main.storyboard in Resources */,
			);
			runOnlyForDeploymentPostprocessing = 0;
		};
/* End PBXResourcesBuildPhase section */

/* Begin PBXSourcesBuildPhase section */
		C0992114202A9740001DEF18 /* Sources */ = {
			isa = PBXSourcesBuildPhase;
			buildActionMask = 2147483647;
			files = (
				C066DA81202C1E0100933DFB /* Case1Controller.m in Sources */,
				C099212B202A9740001DEF18 /* main.m in Sources */,
				C099211D202A9740001DEF18 /* AppDelegate.m in Sources */,
				C0992136202A9852001DEF18 /* ListCell.m in Sources */,
				C066DA87202D716500933DFB /* CALayer+BorderGradientColor.m in Sources */,
				C0992133202A982D001DEF18 /* ListTableViewController.m in Sources */,
				C066DA84202C48D600933DFB /* UIBezierPath+IOS7RoundedRect.m in Sources */,
			);
			runOnlyForDeploymentPostprocessing = 0;
		};
/* End PBXSourcesBuildPhase section */

/* Begin PBXVariantGroup section */
		C0992121202A9740001DEF18 /* Main.storyboard */ = {
			isa = PBXVariantGroup;
			children = (
				C0992122202A9740001DEF18 /* Base */,
			);
			name = Main.storyboard;
			sourceTree = "<group>";
		};
		C0992126202A9740001DEF18 /* LaunchScreen.storyboard */ = {
			isa = PBXVariantGroup;
			children = (
				C0992127202A9740001DEF18 /* Base */,
			);
			name = LaunchScreen.storyboard;
			sourceTree = "<group>";
		};
/* End PBXVariantGroup section */

/* Begin XCBuildConfiguration section */
		C099212C202A9740001DEF18 /* Debug */ = {
			isa = XCBuildConfiguration;
			buildSettings = {
				ALWAYS_SEARCH_USER_PATHS = NO;
				CLANG_ANALYZER_NONNULL = YES;
				CLANG_ANALYZER_NUMBER_OBJECT_CONVERSION = YES_AGGRESSIVE;
				CLANG_CXX_LANGUAGE_STANDARD = "gnu++14";
				CLANG_CXX_LIBRARY = "libc++";
				CLANG_ENABLE_MODULES = YES;
				CLANG_ENABLE_OBJC_ARC = YES;
				CLANG_WARN_BLOCK_CAPTURE_AUTORELEASING = YES;
				CLANG_WARN_BOOL_CONVERSION = YES;
				CLANG_WARN_COMMA = YES;
				CLANG_WARN_CONSTANT_CONVERSION = YES;
				CLANG_WARN_DIRECT_OBJC_ISA_USAGE = YES_ERROR;
				CLANG_WARN_DOCUMENTATION_COMMENTS = YES;
				CLANG_WARN_EMPTY_BODY = YES;
				CLANG_WARN_ENUM_CONVERSION = YES;
				CLANG_WARN_INFINITE_RECURSION = YES;
				CLANG_WARN_INT_CONVERSION = YES;
				CLANG_WARN_NON_LITERAL_NULL_CONVERSION = YES;
				CLANG_WARN_OBJC_LITERAL_CONVERSION = YES;
				CLANG_WARN_OBJC_ROOT_CLASS = YES_ERROR;
				CLANG_WARN_RANGE_LOOP_ANALYSIS = YES;
				CLANG_WARN_STRICT_PROTOTYPES = YES;
				CLANG_WARN_SUSPICIOUS_MOVE = YES;
				CLANG_WARN_UNGUARDED_AVAILABILITY = YES_AGGRESSIVE;
				CLANG_WARN_UNREACHABLE_CODE = YES;
				CLANG_WARN__DUPLICATE_METHOD_MATCH = YES;
				CODE_SIGN_IDENTITY = "iPhone Developer";
				COPY_PHASE_STRIP = NO;
				DEBUG_INFORMATION_FORMAT = dwarf;
				ENABLE_STRICT_OBJC_MSGSEND = YES;
				ENABLE_TESTABILITY = YES;
				GCC_C_LANGUAGE_STANDARD = gnu11;
				GCC_DYNAMIC_NO_PIC = NO;
				GCC_NO_COMMON_BLOCKS = YES;
				GCC_OPTIMIZATION_LEVEL = 0;
				GCC_PREPROCESSOR_DEFINITIONS = (
					"DEBUG=1",
					"$(inherited)",
				);
				GCC_WARN_64_TO_32_BIT_CONVERSION = YES;
				GCC_WARN_ABOUT_RETURN_TYPE = YES_ERROR;
				GCC_WARN_UNDECLARED_SELECTOR = YES;
				GCC_WARN_UNINITIALIZED_AUTOS = YES_AGGRESSIVE;
				GCC_WARN_UNUSED_FUNCTION = YES;
				GCC_WARN_UNUSED_VARIABLE = YES;
				IPHONEOS_DEPLOYMENT_TARGET = 11.2;
				MTL_ENABLE_DEBUG_INFO = YES;
				ONLY_ACTIVE_ARCH = YES;
				SDKROOT = iphoneos;
			};
			name = Debug;
		};
		C099212D202A9740001DEF18 /* Release */ = {
			isa = XCBuildConfiguration;
			buildSettings = {
				ALWAYS_SEARCH_USER_PATHS = NO;
				CLANG_ANALYZER_NONNULL = YES;
				CLANG_ANALYZER_NUMBER_OBJECT_CONVERSION = YES_AGGRESSIVE;
				CLANG_CXX_LANGUAGE_STANDARD = "gnu++14";
				CLANG_CXX_LIBRARY = "libc++";
				CLANG_ENABLE_MODULES = YES;
				CLANG_ENABLE_OBJC_ARC = YES;
				CLANG_WARN_BLOCK_CAPTURE_AUTORELEASING = YES;
				CLANG_WARN_BOOL_CONVERSION = YES;
				CLANG_WARN_COMMA = YES;
				CLANG_WARN_CONSTANT_CONVERSION = YES;
				CLANG_WARN_DIRECT_OBJC_ISA_USAGE = YES_ERROR;
				CLANG_WARN_DOCUMENTATION_COMMENTS = YES;
				CLANG_WARN_EMPTY_BODY = YES;
				CLANG_WARN_ENUM_CONVERSION = YES;
				CLANG_WARN_INFINITE_RECURSION = YES;
				CLANG_WARN_INT_CONVERSION = YES;
				CLANG_WARN_NON_LITERAL_NULL_CONVERSION = YES;
				CLANG_WARN_OBJC_LITERAL_CONVERSION = YES;
				CLANG_WARN_OBJC_ROOT_CLASS = YES_ERROR;
				CLANG_WARN_RANGE_LOOP_ANALYSIS = YES;
				CLANG_WARN_STRICT_PROTOTYPES = YES;
				CLANG_WARN_SUSPICIOUS_MOVE = YES;
				CLANG_WARN_UNGUARDED_AVAILABILITY = YES_AGGRESSIVE;
				CLANG_WARN_UNREACHABLE_CODE = YES;
				CLANG_WARN__DUPLICATE_METHOD_MATCH = YES;
				CODE_SIGN_IDENTITY = "iPhone Developer";
				COPY_PHASE_STRIP = NO;
				DEBUG_INFORMATION_FORMAT = "dwarf-with-dsym";
				ENABLE_NS_ASSERTIONS = NO;
				ENABLE_STRICT_OBJC_MSGSEND = YES;
				GCC_C_LANGUAGE_STANDARD = gnu11;
				GCC_NO_COMMON_BLOCKS = YES;
				GCC_WARN_64_TO_32_BIT_CONVERSION = YES;
				GCC_WARN_ABOUT_RETURN_TYPE = YES_ERROR;
				GCC_WARN_UNDECLARED_SELECTOR = YES;
				GCC_WARN_UNINITIALIZED_AUTOS = YES_AGGRESSIVE;
				GCC_WARN_UNUSED_FUNCTION = YES;
				GCC_WARN_UNUSED_VARIABLE = YES;
				IPHONEOS_DEPLOYMENT_TARGET = 11.2;
				MTL_ENABLE_DEBUG_INFO = NO;
				SDKROOT = iphoneos;
				VALIDATE_PRODUCT = YES;
			};
			name = Release;
		};
		C099212F202A9740001DEF18 /* Debug */ = {
			isa = XCBuildConfiguration;
			buildSettings = {
				ASSETCATALOG_COMPILER_APPICON_NAME = AppIcon;
				CODE_SIGN_STYLE = Automatic;
				DEVELOPMENT_TEAM = TFEY5JV6HS;
				INFOPLIST_FILE = CoreAnimationDemo/Info.plist;
				LD_RUNPATH_SEARCH_PATHS = "$(inherited) @executable_path/Frameworks";
				PRODUCT_BUNDLE_IDENTIFIER = com.penghe.test.CoreAnimationDemo;
				PRODUCT_NAME = "$(TARGET_NAME)";
				TARGETED_DEVICE_FAMILY = "1,2";
			};
			name = Debug;
		};
		C0992130202A9740001DEF18 /* Release */ = {
			isa = XCBuildConfiguration;
			buildSettings = {
				ASSETCATALOG_COMPILER_APPICON_NAME = AppIcon;
				CODE_SIGN_STYLE = Automatic;
				DEVELOPMENT_TEAM = TFEY5JV6HS;
				INFOPLIST_FILE = CoreAnimationDemo/Info.plist;
				LD_RUNPATH_SEARCH_PATHS = "$(inherited) @executable_path/Frameworks";
				PRODUCT_BUNDLE_IDENTIFIER = com.penghe.test.CoreAnimationDemo;
				PRODUCT_NAME = "$(TARGET_NAME)";
				TARGETED_DEVICE_FAMILY = "1,2";
			};
			name = Release;
		};
/* End XCBuildConfiguration section */

/* Begin XCConfigurationList section */
		C0992113202A9740001DEF18 /* Build configuration list for PBXProject "CoreAnimationDemo" */ = {
			isa = XCConfigurationList;
			buildConfigurations = (
				C099212C202A9740001DEF18 /* Debug */,
				C099212D202A9740001DEF18 /* Release */,
			);
			defaultConfigurationIsVisible = 0;
			defaultConfigurationName = Release;
		};
		C099212E202A9740001DEF18 /* Build configuration list for PBXNativeTarget "CoreAnimationDemo" */ = {
			isa = XCConfigurationList;
			buildConfigurations = (
				C099212F202A9740001DEF18 /* Debug */,
				C0992130202A9740001DEF18 /* Release */,
			);
			defaultConfigurationIsVisible = 0;
			defaultConfigurationName = Release;
		};
/* End XCConfigurationList section */
	};
	rootObject = C0992110202A9740001DEF18 /* Project object */;
}
